{
  "version": 4,
  "terraform_version": "1.7.3",
  "serial": 17,
  "lineage": "3e6dffb8-922d-dafa-a0f1-807337a5611d",
  "outputs": {},
  "resources": [
    {
      "mode": "managed",
      "type": "local_file",
      "name": "pets",
      "provider": "provider[\"registry.terraform.io/hashicorp/local\"]",
      "instances": [
        {
          "schema_version": 0,
          "attributes": {
            "content": "print('Hello World')",
            "content_base64": null,
            "content_base64sha256": "WPKtq8dUilPC5I3qJicZDYR63ynTHVnTSLh/TuCWL7M=",
            "content_base64sha512": "SlXeiKKbcJyz4y6IUjYQJyM1JCIlegMF7N7dLeYIlz5rwfuLBg9tL4JFudrB7hQiQl2oQ6KBChWo6Rh7YGto5w==",
            "content_md5": "3c318ef3635e876ccd522653ec914bec",
            "content_sha1": "60ed647934fbcad2b94b49037fac74d0a5708c7d",
            "content_sha256": "58f2adabc7548a53c2e48dea2627190d847adf29d31d59d348b87f4ee0962fb3",
            "content_sha512": "4a55de88a29b709cb3e32e885236102723352422257a0305ecdedd2de608973e6bc1fb8b060f6d2f8245b9dac1ee1422425da843a2810a15a8e9187b606b68e7",
            "directory_permission": "0777",
            "file_permission": "0777",
            "filename": "application.py",
            "id": "60ed647934fbcad2b94b49037fac74d0a5708c7d",
            "sensitive_content": null,
            "source": null
          },
          "sensitive_attributes": []
        }
      ]
    }
  ],
  "check_results": null
}
